
Microsoft Visual Studio Solution File, Format Version 12.00
# Visual Studio Version 17
VisualStudioVersion = 17.12.35527.113 d17.12
MinimumVisualStudioVersion = 10.0.40219.1
Project("{D2ABAB84-BF74-430A-B69E-9DC6D40DDA17}") = "gravity_books_ssas", "gravity_books_ssas.dwproj", "{79BA6338-9997-4197-AEA4-5257A6EB2A85}"
EndProject
Global
	GlobalSection(SolutionConfigurationPlatforms) = preSolution
		Development|Default = Development|Default
	EndGlobalSection
	GlobalSection(ProjectConfigurationPlatforms) = postSolution
		{79BA6338-9997-4197-AEA4-5257A6EB2A85}.Development|Default.ActiveCfg = Development
		{79BA6338-9997-4197-AEA4-5257A6EB2A85}.Development|Default.Build.0 = Development
		{79BA6338-9997-4197-AEA4-5257A6EB2A85}.Development|Default.Deploy.0 = Development
	EndGlobalSection
	GlobalSection(SolutionProperties) = preSolution
		HideSolutionNode = FALSE
	EndGlobalSection
EndGlobal
